
Microsoft Visual Studio Solution File, Format Version 12.00
# Visual Studio Version 17
VisualStudioVersion = 17.5.002.0
MinimumVisualStudioVersion = 10.0.40219.1
Project("{9A19103F-16F7-4668-BE54-9A1E7A4F7556}") = "ArduinoController", "ArduinoController.csproj", "{B97C6199-C168-4C9D-BD3C-F02E2AEF11F4}"
EndProject
Global
	GlobalSection(SolutionConfigurationPlatforms) = preSolution
		Debug|Any CPU = Debug|Any CPU
		Release|Any CPU = Release|Any CPU
	EndGlobalSection
	GlobalSection(ProjectConfigurationPlatforms) = postSolution
		{B97C6199-C168-4C9D-BD3C-F02E2AEF11F4}.Debug|Any CPU.ActiveCfg = Debug|Any CPU
		{B97C6199-C168-4C9D-BD3C-F02E2AEF11F4}.Debug|Any CPU.Build.0 = Debug|Any CPU
		{B97C6199-C168-4C9D-BD3C-F02E2AEF11F4}.Release|Any CPU.ActiveCfg = Release|Any CPU
		{B97C6199-C168-4C9D-BD3C-F02E2AEF11F4}.Release|Any CPU.Build.0 = Release|Any CPU
	EndGlobalSection
	GlobalSection(SolutionProperties) = preSolution
		HideSolutionNode = FALSE
	EndGlobalSection
	GlobalSection(ExtensibilityGlobals) = postSolution
		SolutionGuid = {97C61C93-D1E8-4D49-A048-7B65E1834ED5}
	EndGlobalSection
EndGlobal
