
Microsoft Visual Studio Solution File, Format Version 12.00
# Visual Studio Version 17
VisualStudioVersion = 17.5.002.0
MinimumVisualStudioVersion = 10.0.40219.1
Project("{9A19103F-16F7-4668-BE54-9A1E7A4F7556}") = "ArduinoController", "ArduinoController.csproj", "{57BCCF21-1905-442E-B656-9BD546D17848}"
EndProject
Global
	GlobalSection(SolutionConfigurationPlatforms) = preSolution
		Debug|Any CPU = Debug|Any CPU
		Release|Any CPU = Release|Any CPU
	EndGlobalSection
	GlobalSection(ProjectConfigurationPlatforms) = postSolution
		{57BCCF21-1905-442E-B656-9BD546D17848}.Debug|Any CPU.ActiveCfg = Debug|Any CPU
		{57BCCF21-1905-442E-B656-9BD546D17848}.Debug|Any CPU.Build.0 = Debug|Any CPU
		{57BCCF21-1905-442E-B656-9BD546D17848}.Release|Any CPU.ActiveCfg = Release|Any CPU
		{57BCCF21-1905-442E-B656-9BD546D17848}.Release|Any CPU.Build.0 = Release|Any CPU
	EndGlobalSection
	GlobalSection(SolutionProperties) = preSolution
		HideSolutionNode = FALSE
	EndGlobalSection
	GlobalSection(ExtensibilityGlobals) = postSolution
		SolutionGuid = {1EB35999-8314-4D20-A166-2EAE7D6B26B1}
	EndGlobalSection
EndGlobal
